{
  "name": "component-hub",
  "version": "0.1.0",
  "lockfileVersion": 3,
  "requires": true,
  "packages": {
    "": {
      "name": "component-hub",
      "version": "0.1.0",
      "license": "AGPL-3.0",
      "bin": {
        "component-hub.js": "bin/component-hub.js"
      },
      "engines": {
        "node": ">=18"
      }
    }
  }
}
